
Microsoft Visual Studio Solution File, Format Version 12.00
# Visual Studio Version 17
VisualStudioVersion = 17.12.35707.178 d17.12
MinimumVisualStudioVersion = 10.0.40219.1
Project("{FAE04EC0-301F-11D3-BF4B-00C04F79EFBC}") = "InsuranceClaim.Server", "InsuranceClaim.Server\InsuranceClaim.Server.csproj", "{F68F910F-555F-4D91-95CD-EA93D57C41C9}"
EndProject
Project("{54A90642-561A-4BB1-A94E-469ADEE60C69}") = "insuranceclaim.client", "insuranceclaim.client\insuranceclaim.client.esproj", "{A3C69D0E-2F44-4BAD-AD7A-FEC0FB8CD1B2}"
EndProject
Global
	GlobalSection(SolutionConfigurationPlatforms) = preSolution
		Debug|Any CPU = Debug|Any CPU
		Release|Any CPU = Release|Any CPU
	EndGlobalSection
	GlobalSection(ProjectConfigurationPlatforms) = postSolution
		{F68F910F-555F-4D91-95CD-EA93D57C41C9}.Debug|Any CPU.ActiveCfg = Debug|Any CPU
		{F68F910F-555F-4D91-95CD-EA93D57C41C9}.Debug|Any CPU.Build.0 = Debug|Any CPU
		{F68F910F-555F-4D91-95CD-EA93D57C41C9}.Release|Any CPU.ActiveCfg = Release|Any CPU
		{F68F910F-555F-4D91-95CD-EA93D57C41C9}.Release|Any CPU.Build.0 = Release|Any CPU
		{A3C69D0E-2F44-4BAD-AD7A-FEC0FB8CD1B2}.Debug|Any CPU.ActiveCfg = Debug|Any CPU
		{A3C69D0E-2F44-4BAD-AD7A-FEC0FB8CD1B2}.Debug|Any CPU.Build.0 = Debug|Any CPU
		{A3C69D0E-2F44-4BAD-AD7A-FEC0FB8CD1B2}.Debug|Any CPU.Deploy.0 = Debug|Any CPU
		{A3C69D0E-2F44-4BAD-AD7A-FEC0FB8CD1B2}.Release|Any CPU.ActiveCfg = Release|Any CPU
		{A3C69D0E-2F44-4BAD-AD7A-FEC0FB8CD1B2}.Release|Any CPU.Build.0 = Release|Any CPU
		{A3C69D0E-2F44-4BAD-AD7A-FEC0FB8CD1B2}.Release|Any CPU.Deploy.0 = Release|Any CPU
	EndGlobalSection
	GlobalSection(SolutionProperties) = preSolution
		HideSolutionNode = FALSE
	EndGlobalSection
EndGlobal
